
Microsoft Visual Studio Solution File, Format Version 12.00
# Visual Studio Version 16
VisualStudioVersion = 16.0.30204.135
MinimumVisualStudioVersion = 10.0.40219.1
Project("{FAE04EC0-301F-11D3-BF4B-00C04F79EFBC}") = "SlowDistance.webApi", "SlowDistance.webApi\SlowDistance.webApi.csproj", "{44167929-AF54-4033-AAA1-03D9ED1B398B}"
EndProject
Global
	GlobalSection(SolutionConfigurationPlatforms) = preSolution
		Debug|Any CPU = Debug|Any CPU
		Release|Any CPU = Release|Any CPU
	EndGlobalSection
	GlobalSection(ProjectConfigurationPlatforms) = postSolution
		{44167929-AF54-4033-AAA1-03D9ED1B398B}.Debug|Any CPU.ActiveCfg = Debug|Any CPU
		{44167929-AF54-4033-AAA1-03D9ED1B398B}.Debug|Any CPU.Build.0 = Debug|Any CPU
		{44167929-AF54-4033-AAA1-03D9ED1B398B}.Release|Any CPU.ActiveCfg = Release|Any CPU
		{44167929-AF54-4033-AAA1-03D9ED1B398B}.Release|Any CPU.Build.0 = Release|Any CPU
	EndGlobalSection
	GlobalSection(SolutionProperties) = preSolution
		HideSolutionNode = FALSE
	EndGlobalSection
	GlobalSection(ExtensibilityGlobals) = postSolution
		SolutionGuid = {D0498072-01F9-4D7B-80D2-47F5B4DA4C3D}
	EndGlobalSection
EndGlobal
